
Microsoft Visual Studio Solution File, Format Version 12.00
# Visual Studio 15
VisualStudioVersion = 15.0.26228.9
MinimumVisualStudioVersion = 10.0.40219.1
Project("{FAE04EC0-301F-11D3-BF4B-00C04F79EFBC}") = "WindowsFormsAppTest02", "WindowsFormsAppTest02\WindowsFormsAppTest02.csproj", "{DFCC5D6A-8A0F-489F-9BF9-60020E1AA0E2}"
EndProject
Global
	GlobalSection(SolutionConfigurationPlatforms) = preSolution
		Debug|Any CPU = Debug|Any CPU
		Release|Any CPU = Release|Any CPU
	EndGlobalSection
	GlobalSection(ProjectConfigurationPlatforms) = postSolution
		{DFCC5D6A-8A0F-489F-9BF9-60020E1AA0E2}.Debug|Any CPU.ActiveCfg = Debug|Any CPU
		{DFCC5D6A-8A0F-489F-9BF9-60020E1AA0E2}.Debug|Any CPU.Build.0 = Debug|Any CPU
		{DFCC5D6A-8A0F-489F-9BF9-60020E1AA0E2}.Release|Any CPU.ActiveCfg = Release|Any CPU
		{DFCC5D6A-8A0F-489F-9BF9-60020E1AA0E2}.Release|Any CPU.Build.0 = Release|Any CPU
	EndGlobalSection
	GlobalSection(SolutionProperties) = preSolution
		HideSolutionNode = FALSE
	EndGlobalSection
EndGlobal
